
Microsoft Visual Studio Solution File, Format Version 12.00
# Visual Studio Version 16
VisualStudioVersion = 16.0.29905.134
MinimumVisualStudioVersion = 10.0.40219.1
Project("{9A19103F-16F7-4668-BE54-9A1E7A4F7556}") = "ChromeHtmlToPdfLib", "ChromeHtmlToPdfLib\ChromeHtmlToPdfLib.csproj", "{DA656B95-A59B-457A-BA26-2860160B76CB}"
EndProject
Project("{9A19103F-16F7-4668-BE54-9A1E7A4F7556}") = "ChromeHtmlToPdfConsole", "ChromeHtmlToPdfConsole\ChromeHtmlToPdfConsole.csproj", "{0ECDC06A-D578-4F2C-A742-A5EFD5EA2C6F}"
EndProject
Global
	GlobalSection(SolutionConfigurationPlatforms) = preSolution
		Debug|Any CPU = Debug|Any CPU
		Release|Any CPU = Release|Any CPU
	EndGlobalSection
	GlobalSection(ProjectConfigurationPlatforms) = postSolution
		{DA656B95-A59B-457A-BA26-2860160B76CB}.Debug|Any CPU.ActiveCfg = Debug|Any CPU
		{DA656B95-A59B-457A-BA26-2860160B76CB}.Debug|Any CPU.Build.0 = Debug|Any CPU
		{DA656B95-A59B-457A-BA26-2860160B76CB}.Release|Any CPU.ActiveCfg = Release|Any CPU
		{DA656B95-A59B-457A-BA26-2860160B76CB}.Release|Any CPU.Build.0 = Release|Any CPU
		{0ECDC06A-D578-4F2C-A742-A5EFD5EA2C6F}.Debug|Any CPU.ActiveCfg = Debug|Any CPU
		{0ECDC06A-D578-4F2C-A742-A5EFD5EA2C6F}.Debug|Any CPU.Build.0 = Debug|Any CPU
		{0ECDC06A-D578-4F2C-A742-A5EFD5EA2C6F}.Release|Any CPU.ActiveCfg = Release|Any CPU
		{0ECDC06A-D578-4F2C-A742-A5EFD5EA2C6F}.Release|Any CPU.Build.0 = Release|Any CPU
	EndGlobalSection
	GlobalSection(SolutionProperties) = preSolution
		HideSolutionNode = FALSE
	EndGlobalSection
	GlobalSection(ExtensibilityGlobals) = postSolution
		SolutionGuid = {8862C366-D6E5-48CC-9378-31E7E0A546AD}
	EndGlobalSection
EndGlobal
