
Microsoft Visual Studio Solution File, Format Version 12.00
# Visual Studio 15
VisualStudioVersion = 15.0.27004.2009
MinimumVisualStudioVersion = 10.0.40219.1
Project("{FAE04EC0-301F-11D3-BF4B-00C04F79EFBC}") = "ChromeHtmlToPdfLib", "ChromeHtmlToPdfLib\ChromeHtmlToPdfLib.csproj", "{0E189418-89F1-4842-8329-033949D8AA6F}"
EndProject
Project("{FAE04EC0-301F-11D3-BF4B-00C04F79EFBC}") = "ChromeHtmlToPdf", "ChromeHtmlToPdf\ChromeHtmlToPdf.csproj", "{6B9BBCF3-BAE4-47CB-BF46-B616C734947D}"
EndProject
Project("{FAE04EC0-301F-11D3-BF4B-00C04F79EFBC}") = "ChromeHtmlToPdfLibStandard", "ChromeHtmlToPdfLibStandard\ChromeHtmlToPdfLibStandard.csproj", "{FD874FFC-34A6-492B-8AA6-37C49298D152}"
EndProject
Global
	GlobalSection(SolutionConfigurationPlatforms) = preSolution
		Debug|Any CPU = Debug|Any CPU
		Release|Any CPU = Release|Any CPU
	EndGlobalSection
	GlobalSection(ProjectConfigurationPlatforms) = postSolution
		{0E189418-89F1-4842-8329-033949D8AA6F}.Debug|Any CPU.ActiveCfg = Debug|Any CPU
		{0E189418-89F1-4842-8329-033949D8AA6F}.Debug|Any CPU.Build.0 = Debug|Any CPU
		{0E189418-89F1-4842-8329-033949D8AA6F}.Release|Any CPU.ActiveCfg = Release|Any CPU
		{0E189418-89F1-4842-8329-033949D8AA6F}.Release|Any CPU.Build.0 = Release|Any CPU
		{6B9BBCF3-BAE4-47CB-BF46-B616C734947D}.Debug|Any CPU.ActiveCfg = Debug|Any CPU
		{6B9BBCF3-BAE4-47CB-BF46-B616C734947D}.Debug|Any CPU.Build.0 = Debug|Any CPU
		{6B9BBCF3-BAE4-47CB-BF46-B616C734947D}.Release|Any CPU.ActiveCfg = Release|Any CPU
		{6B9BBCF3-BAE4-47CB-BF46-B616C734947D}.Release|Any CPU.Build.0 = Release|Any CPU
		{FD874FFC-34A6-492B-8AA6-37C49298D152}.Debug|Any CPU.ActiveCfg = Debug|Any CPU
		{FD874FFC-34A6-492B-8AA6-37C49298D152}.Debug|Any CPU.Build.0 = Debug|Any CPU
		{FD874FFC-34A6-492B-8AA6-37C49298D152}.Release|Any CPU.ActiveCfg = Release|Any CPU
		{FD874FFC-34A6-492B-8AA6-37C49298D152}.Release|Any CPU.Build.0 = Release|Any CPU
	EndGlobalSection
	GlobalSection(SolutionProperties) = preSolution
		HideSolutionNode = FALSE
	EndGlobalSection
	GlobalSection(ExtensibilityGlobals) = postSolution
		SolutionGuid = {8862C366-D6E5-48CC-9378-31E7E0A546AD}
	EndGlobalSection
EndGlobal
